# This file is generated by running "yarn install" inside your project.
# Manual changes might be lost - proceed with caution!

__metadata:
  version: 6
  cacheKey: 8

"@anthropic-ai/sdk@npm:^0.5.7":
  version: 0.5.10
  resolution: "@anthropic-ai/sdk@npm:0.5.10"
  dependencies:
    "@types/node": ^18.11.18
    "@types/node-fetch": ^2.6.4
    abort-controller: ^3.0.0
    agentkeepalive: ^4.2.1
    digest-fetch: ^1.3.0
    form-data-encoder: 1.7.2
    formdata-node: ^4.3.2
    node-fetch: ^2.6.7
  checksum: 4f70b06be7be7e9baee0d2b85648f17643a58c89003331a9b38dea8e3eaea3519d60ac5ef2074b903897214f53358b92c6e87e7ea4f22787410cccb85d5a8b1b
  languageName: node
  linkType: hard

"@dqbd/tiktoken@npm:^1.0.7":
  version: 1.0.7
  resolution: "@dqbd/tiktoken@npm:1.0.7"
  checksum: 81049797dcffa101c57b68a78be19b11958edf6e6cfffab7ccd3ec2e5290e3b27bc25f1060a1c34e1cb94f22e0f46d9aafa925d383fb4559738b644aa01c0fb1
  languageName: node
  linkType: hard

"@tensorflow-models/universal-sentence-encoder@npm:^1.3.3":
  version: 1.3.3
  resolution: "@tensorflow-models/universal-sentence-encoder@npm:1.3.3"
  peerDependencies:
    "@tensorflow/tfjs-converter": ^3.6.0
    "@tensorflow/tfjs-core": ^3.6.0
  checksum: 99fea126088a11385501f104983fbc3de2a3cb4414aad94d08200cd40678f7f7711c7e8735ad570369151834b6ec8acb970d7b464c76d40ff9f102e476e45f57
  languageName: node
  linkType: hard

"@tensorflow/tfjs-backend-cpu@npm:^4.10.0":
  version: 4.10.0
  resolution: "@tensorflow/tfjs-backend-cpu@npm:4.10.0"
  dependencies:
    "@types/seedrandom": ^2.4.28
    seedrandom: ^3.0.5
  peerDependencies:
    "@tensorflow/tfjs-core": 4.10.0
  checksum: 0a976b4dc00627d9e7b42cf55ae30f5da6462a3796056969894aeb048eafa744fe5b28be6bd3293ef8d00ead7bd5bb936d02b9bb4895597ccc65de165021021e
  languageName: node
  linkType: hard

"@tensorflow/tfjs-converter@npm:^4.10.0":
  version: 4.10.0
  resolution: "@tensorflow/tfjs-converter@npm:4.10.0"
  peerDependencies:
    "@tensorflow/tfjs-core": 4.10.0
  checksum: 446bb173b2bc83aecb33538689ca5decd9015f6a1fd685cc4ab59ffba43e5aed8f86c31d8b9ad7782680f7e235969c9724f0d97eeb410ee7ed9024ad43704921
  languageName: node
  linkType: hard

"@tensorflow/tfjs-core@npm:^4.10.0":
  version: 4.10.0
  resolution: "@tensorflow/tfjs-core@npm:4.10.0"
  dependencies:
    "@types/long": ^4.0.1
    "@types/offscreencanvas": ~2019.7.0
    "@types/seedrandom": ^2.4.28
    "@webgpu/types": 0.1.30
    long: 4.0.0
    node-fetch: ~2.6.1
    seedrandom: ^3.0.5
  checksum: 8b57d90de05dbd3bd59982ab7427b6a7a15cbb72acc65ff629c81baa6cb415b1a42d6e2b040683389b1bc95815ac44cdd6acf74d3d57975a4dd2ca31bb365571
  languageName: node
  linkType: hard

"@types/long@npm:^4.0.1":
  version: 4.0.2
  resolution: "@types/long@npm:4.0.2"
  checksum: d16cde7240d834cf44ba1eaec49e78ae3180e724cd667052b194a372f350d024cba8dd3f37b0864931683dab09ca935d52f0c4c1687178af5ada9fc85b0635f4
  languageName: node
  linkType: hard

"@types/node-fetch@npm:^2.6.4":
  version: 2.6.4
  resolution: "@types/node-fetch@npm:2.6.4"
  dependencies:
    "@types/node": "*"
    form-data: ^3.0.0
  checksum: f3e1d881bb42269e676ecaf49f0e096ab345e22823a2b2d071d60619414817fe02df48a31a8d05adb23054028a2a65521bdb3906ceb763ab6d3339c8d8775058
  languageName: node
  linkType: hard

"@types/node@npm:*":
  version: 20.4.8
  resolution: "@types/node@npm:20.4.8"
  checksum: 86a3963c0c7af3410553d1dfa4b018a20b3cb3ab4d8e8ffe27408b6338c5de0374b0bf379bc705da2205b466daa751ccfe062f453ba9bde34fdb0e5163ca6a68
  languageName: node
  linkType: hard

"@types/node@npm:^18.11.18":
  version: 18.17.3
  resolution: "@types/node@npm:18.17.3"
  checksum: 884fb68936b2b0ff90863fcf80610dd2f3d9fe1947897248b0138df05fe41ee6ce62941b37b565e3b3fd77601cd3977a64de858654c6ab9064413b171740d6ba
  languageName: node
  linkType: hard

"@types/offscreencanvas@npm:~2019.7.0":
  version: 2019.7.0
  resolution: "@types/offscreencanvas@npm:2019.7.0"
  checksum: 018cfcd19e0c59c44d14ba61caaca7246f77fbb512839c7881654b7f2b6591dbdd5857362eccbf49f29cdc93724e71a4b37c8b6cf203388f9c04e913a53ea390
  languageName: node
  linkType: hard

"@types/retry@npm:0.12.0":
  version: 0.12.0
  resolution: "@types/retry@npm:0.12.0"
  checksum: 61a072c7639f6e8126588bf1eb1ce8835f2cb9c2aba795c4491cf6310e013267b0c8488039857c261c387e9728c1b43205099223f160bb6a76b4374f741b5603
  languageName: node
  linkType: hard

"@types/seedrandom@npm:^2.4.28":
  version: 2.4.30
  resolution: "@types/seedrandom@npm:2.4.30"
  checksum: 1bcf634bb0146b5de443d4581556795e52186f830072ef12f42efb6f15a4e9950630f1c4322356df0f39e953436d4fb17b5fb2834e867ff6cf6e5570849ebad2
  languageName: node
  linkType: hard

"@types/uuid@npm:^9.0.1":
  version: 9.0.2
  resolution: "@types/uuid@npm:9.0.2"
  checksum: 1754bcf3444e1e3aeadd6e774fc328eb53bc956665e2e8fb6ec127aa8e1f43d9a224c3d22a9a6233dca8dd81a12dc7fed4d84b8876dd5ec82d40f574f7ff8b68
  languageName: node
  linkType: hard

"@webgpu/types@npm:0.1.30":
  version: 0.1.30
  resolution: "@webgpu/types@npm:0.1.30"
  checksum: c07516879c60617214717d63789f4a512004d004e845ed0439449f564fb8b94bd48882d599918e7db26914d584c70aecda25e90a327aabc32e57c90aa818ac06
  languageName: node
  linkType: hard

"@xmldom/xmldom@npm:^0.8.6":
  version: 0.8.10
  resolution: "@xmldom/xmldom@npm:0.8.10"
  checksum: 4c136aec31fb3b49aaa53b6fcbfe524d02a1dc0d8e17ee35bd3bf35e9ce1344560481cd1efd086ad1a4821541482528672306d5e37cdbd187f33d7fadd3e2cf0
  languageName: node
  linkType: hard

"abort-controller@npm:^3.0.0":
  version: 3.0.0
  resolution: "abort-controller@npm:3.0.0"
  dependencies:
    event-target-shim: ^5.0.0
  checksum: 170bdba9b47b7e65906a28c8ce4f38a7a369d78e2271706f020849c1bfe0ee2067d4261df8bbb66eb84f79208fd5b710df759d64191db58cfba7ce8ef9c54b75
  languageName: node
  linkType: hard

"agentkeepalive@npm:^4.2.1":
  version: 4.5.0
  resolution: "agentkeepalive@npm:4.5.0"
  dependencies:
    humanize-ms: ^1.2.1
  checksum: 13278cd5b125e51eddd5079f04d6fe0914ac1b8b91c1f3db2c1822f99ac1a7457869068997784342fe455d59daaff22e14fb7b8c3da4e741896e7e31faf92481
  languageName: node
  linkType: hard

"ansi-styles@npm:^5.0.0":
  version: 5.2.0
  resolution: "ansi-styles@npm:5.2.0"
  checksum: d7f4e97ce0623aea6bc0d90dcd28881ee04cba06c570b97fd3391bd7a268eedfd9d5e2dd4fdcbdd82b8105df5faf6f24aaedc08eaf3da898e702db5948f63469
  languageName: node
  linkType: hard

"argparse@npm:^2.0.1":
  version: 2.0.1
  resolution: "argparse@npm:2.0.1"
  checksum: 83644b56493e89a254bae05702abf3a1101b4fa4d0ca31df1c9985275a5a5bd47b3c27b7fa0b71098d41114d8ca000e6ed90cad764b306f8a503665e4d517ced
  languageName: node
  linkType: hard

"asynckit@npm:^0.4.0":
  version: 0.4.0
  resolution: "asynckit@npm:0.4.0"
  checksum: 7b78c451df768adba04e2d02e63e2d0bf3b07adcd6e42b4cf665cb7ce899bedd344c69a1dcbce355b5f972d597b25aaa1c1742b52cffd9caccb22f348114f6be
  languageName: node
  linkType: hard

"axios@npm:^0.26.0":
  version: 0.26.1
  resolution: "axios@npm:0.26.1"
  dependencies:
    follow-redirects: ^1.14.8
  checksum: d9eb58ff4bc0b36a04783fc9ff760e9245c829a5a1052ee7ca6013410d427036b1d10d04e7380c02f3508c5eaf3485b1ae67bd2adbfec3683704745c8d7a6e1a
  languageName: node
  linkType: hard

"base-64@npm:^0.1.0":
  version: 0.1.0
  resolution: "base-64@npm:0.1.0"
  checksum: 5a42938f82372ab5392cbacc85a5a78115cbbd9dbef9f7540fa47d78763a3a8bd7d598475f0d92341f66285afd377509851a9bb5c67bbecb89686e9255d5b3eb
  languageName: node
  linkType: hard

"base64-js@npm:^1.5.1":
  version: 1.5.1
  resolution: "base64-js@npm:1.5.1"
  checksum: 669632eb3745404c2f822a18fc3a0122d2f9a7a13f7fb8b5823ee19d1d2ff9ee5b52c53367176ea4ad093c332fd5ab4bd0ebae5a8e27917a4105a4cfc86b1005
  languageName: node
  linkType: hard

"binary-extensions@npm:^2.2.0":
  version: 2.2.0
  resolution: "binary-extensions@npm:2.2.0"
  checksum: ccd267956c58d2315f5d3ea6757cf09863c5fc703e50fbeb13a7dc849b812ef76e3cf9ca8f35a0c48498776a7478d7b4a0418e1e2b8cb9cb9731f2922aaad7f8
  languageName: node
  linkType: hard

"binary-search@npm:^1.3.5":
  version: 1.3.6
  resolution: "binary-search@npm:1.3.6"
  checksum: 2e6b3459a9c1ba1bd674a6a855a5ef7505f70707422244430e3510e989c0df6074a49fe60784a98b93b51545c9bcace1db1defee06ff861b124c036a2f2836bf
  languageName: node
  linkType: hard

"camelcase@npm:6":
  version: 6.3.0
  resolution: "camelcase@npm:6.3.0"
  checksum: 8c96818a9076434998511251dcb2761a94817ea17dbdc37f47ac080bd088fc62c7369429a19e2178b993497132c8cbcf5cc1f44ba963e76782ba469c0474938d
  languageName: node
  linkType: hard

"charenc@npm:0.0.2":
  version: 0.0.2
  resolution: "charenc@npm:0.0.2"
  checksum: 81dcadbe57e861d527faf6dd3855dc857395a1c4d6781f4847288ab23cffb7b3ee80d57c15bba7252ffe3e5e8019db767757ee7975663ad2ca0939bb8fcaf2e5
  languageName: node
  linkType: hard

"combined-stream@npm:^1.0.8":
  version: 1.0.8
  resolution: "combined-stream@npm:1.0.8"
  dependencies:
    delayed-stream: ~1.0.0
  checksum: 49fa4aeb4916567e33ea81d088f6584749fc90c7abec76fd516bf1c5aa5c79f3584b5ba3de6b86d26ddd64bae5329c4c7479343250cfe71c75bb366eae53bb7c
  languageName: node
  linkType: hard

"commander@npm:^10.0.1":
  version: 10.0.1
  resolution: "commander@npm:10.0.1"
  checksum: 436901d64a818295803c1996cd856621a74f30b9f9e28a588e726b2b1670665bccd7c1a77007ebf328729f0139838a88a19265858a0fa7a8728c4656796db948
  languageName: node
  linkType: hard

"crypt@npm:0.0.2":
  version: 0.0.2
  resolution: "crypt@npm:0.0.2"
  checksum: baf4c7bbe05df656ec230018af8cf7dbe8c14b36b98726939cef008d473f6fe7a4fad906cfea4062c93af516f1550a3f43ceb4d6615329612c6511378ed9fe34
  languageName: node
  linkType: hard

"decamelize@npm:^1.2.0":
  version: 1.2.0
  resolution: "decamelize@npm:1.2.0"
  checksum: ad8c51a7e7e0720c70ec2eeb1163b66da03e7616d7b98c9ef43cce2416395e84c1e9548dd94f5f6ffecfee9f8b94251fc57121a8b021f2ff2469b2bae247b8aa
  languageName: node
  linkType: hard

"delayed-stream@npm:~1.0.0":
  version: 1.0.0
  resolution: "delayed-stream@npm:1.0.0"
  checksum: 46fe6e83e2cb1d85ba50bd52803c68be9bd953282fa7096f51fc29edd5d67ff84ff753c51966061e5ba7cb5e47ef6d36a91924eddb7f3f3483b1c560f77a0020
  languageName: node
  linkType: hard

"digest-fetch@npm:^1.3.0":
  version: 1.3.0
  resolution: "digest-fetch@npm:1.3.0"
  dependencies:
    base-64: ^0.1.0
    md5: ^2.3.0
  checksum: 8ebdb4b9ef02b1ac0da532d25c7d08388f2552813dfadabfe7c4630e944bb4a48093b997fc926440a10e1ccf4912f2ce9adcf2d6687b0518dab8480e08f22f9d
  languageName: node
  linkType: hard

"event-target-shim@npm:^5.0.0":
  version: 5.0.1
  resolution: "event-target-shim@npm:5.0.1"
  checksum: 1ffe3bb22a6d51bdeb6bf6f7cf97d2ff4a74b017ad12284cc9e6a279e727dc30a5de6bb613e5596ff4dc3e517841339ad09a7eec44266eccb1aa201a30448166
  languageName: node
  linkType: hard

"eventemitter3@npm:^4.0.4":
  version: 4.0.7
  resolution: "eventemitter3@npm:4.0.7"
  checksum: 1875311c42fcfe9c707b2712c32664a245629b42bb0a5a84439762dd0fd637fc54d078155ea83c2af9e0323c9ac13687e03cfba79b03af9f40c89b4960099374
  languageName: node
  linkType: hard

"expr-eval@npm:^2.0.2":
  version: 2.0.2
  resolution: "expr-eval@npm:2.0.2"
  checksum: 01862f09b50b17b45a6268b1153280afede99e1b51752a323661f7f4010eaed34cd6c682bf439b7f8a92df6aa82f326f0ce0aa20964d175feee97377fe53921d
  languageName: node
  linkType: hard

"flat@npm:^5.0.2":
  version: 5.0.2
  resolution: "flat@npm:5.0.2"
  bin:
    flat: cli.js
  checksum: 12a1536ac746db74881316a181499a78ef953632ddd28050b7a3a43c62ef5462e3357c8c29d76072bb635f147f7a9a1f0c02efef6b4be28f8db62ceb3d5c7f5d
  languageName: node
  linkType: hard

"follow-redirects@npm:^1.14.8":
  version: 1.15.2
  resolution: "follow-redirects@npm:1.15.2"
  peerDependenciesMeta:
    debug:
      optional: true
  checksum: faa66059b66358ba65c234c2f2a37fcec029dc22775f35d9ad6abac56003268baf41e55f9ee645957b32c7d9f62baf1f0b906e68267276f54ec4b4c597c2b190
  languageName: node
  linkType: hard

"form-data-encoder@npm:1.7.2":
  version: 1.7.2
  resolution: "form-data-encoder@npm:1.7.2"
  checksum: aeebd87a1cb009e13cbb5e4e4008e6202ed5f6551eb6d9582ba8a062005178907b90f4887899d3c993de879159b6c0c940af8196725b428b4248cec5af3acf5f
  languageName: node
  linkType: hard

"form-data@npm:^3.0.0":
  version: 3.0.1
  resolution: "form-data@npm:3.0.1"
  dependencies:
    asynckit: ^0.4.0
    combined-stream: ^1.0.8
    mime-types: ^2.1.12
  checksum: b019e8d35c8afc14a2bd8a7a92fa4f525a4726b6d5a9740e8d2623c30e308fbb58dc8469f90415a856698933c8479b01646a9dff33c87cc4e76d72aedbbf860d
  languageName: node
  linkType: hard

"form-data@npm:^4.0.0":
  version: 4.0.0
  resolution: "form-data@npm:4.0.0"
  dependencies:
    asynckit: ^0.4.0
    combined-stream: ^1.0.8
    mime-types: ^2.1.12
  checksum: 01135bf8675f9d5c61ff18e2e2932f719ca4de964e3be90ef4c36aacfc7b9cb2fceb5eca0b7e0190e3383fe51c5b37f4cb80b62ca06a99aaabfcfd6ac7c9328c
  languageName: node
  linkType: hard

"formdata-node@npm:^4.3.2":
  version: 4.4.1
  resolution: "formdata-node@npm:4.4.1"
  dependencies:
    node-domexception: 1.0.0
    web-streams-polyfill: 4.0.0-beta.3
  checksum: d91d4f667cfed74827fc281594102c0dabddd03c9f8b426fc97123eedbf73f5060ee43205d89284d6854e2fc5827e030cd352ef68b93beda8decc2d72128c576
  languageName: node
  linkType: hard

"gpt-3-encoder@npm:^1.1.4":
  version: 1.1.4
  resolution: "gpt-3-encoder@npm:1.1.4"
  checksum: bfcbffa74272bd544015305ae42f4b2d2e138ffbed157d068cc4de5c5cb4e0c964d0ff6512218809a04d10484325eb5b5d2975edf36170b1f443cb43887356e8
  languageName: node
  linkType: hard

"humanize-ms@npm:^1.2.1":
  version: 1.2.1
  resolution: "humanize-ms@npm:1.2.1"
  dependencies:
    ms: ^2.0.0
  checksum: 9c7a74a2827f9294c009266c82031030eae811ca87b0da3dceb8d6071b9bde22c9f3daef0469c3c533cc67a97d8a167cd9fc0389350e5f415f61a79b171ded16
  languageName: node
  linkType: hard

"is-any-array@npm:^2.0.0":
  version: 2.0.1
  resolution: "is-any-array@npm:2.0.1"
  checksum: 472ed80e17d32951435087951af30c29498b163c31bf723dd5af76545b100bcfac6fad2df3f1a648b45e3b027de8f5dc2389935267ba5258eae85762804b4982
  languageName: node
  linkType: hard

"is-buffer@npm:~1.1.6":
  version: 1.1.6
  resolution: "is-buffer@npm:1.1.6"
  checksum: 4a186d995d8bbf9153b4bd9ff9fd04ae75068fe695d29025d25e592d9488911eeece84eefbd8fa41b8ddcc0711058a71d4c466dcf6f1f6e1d83830052d8ca707
  languageName: node
  linkType: hard

"js-tiktoken@npm:^1.0.7":
  version: 1.0.7
  resolution: "js-tiktoken@npm:1.0.7"
  dependencies:
    base64-js: ^1.5.1
  checksum: 4856641fed816e618c8a693db0a5478995c598914dec2ba9ccd69719a88a14756d5aec2eed0fba7a4999e603b277ba9a58fd7b2af98e8b638b39b436bbfb7060
  languageName: node
  linkType: hard

"js-yaml@npm:^4.1.0":
  version: 4.1.0
  resolution: "js-yaml@npm:4.1.0"
  dependencies:
    argparse: ^2.0.1
  bin:
    js-yaml: bin/js-yaml.js
  checksum: c7830dfd456c3ef2c6e355cc5a92e6700ceafa1d14bba54497b34a99f0376cecbb3e9ac14d3e5849b426d5a5140709a66237a8c991c675431271c4ce5504151a
  languageName: node
  linkType: hard

"jsonpointer@npm:^5.0.1":
  version: 5.0.1
  resolution: "jsonpointer@npm:5.0.1"
  checksum: 0b40f712900ad0c846681ea2db23b6684b9d5eedf55807b4708c656f5894b63507d0e28ae10aa1bddbea551241035afe62b6df0800fc94c2e2806a7f3adecd7c
  languageName: node
  linkType: hard

"langchain@npm:^0.0.123":
  version: 0.0.123
  resolution: "langchain@npm:0.0.123"
  dependencies:
    "@anthropic-ai/sdk": ^0.5.7
    ansi-styles: ^5.0.0
    binary-extensions: ^2.2.0
    camelcase: 6
    decamelize: ^1.2.0
    expr-eval: ^2.0.2
    flat: ^5.0.2
    js-tiktoken: ^1.0.7
    js-yaml: ^4.1.0
    jsonpointer: ^5.0.1
    langsmith: ~0.0.16
    ml-distance: ^4.0.0
    object-hash: ^3.0.0
    openai: ^3.3.0
    openapi-types: ^12.1.3
    p-queue: ^6.6.2
    p-retry: 4
    uuid: ^9.0.0
    yaml: ^2.2.1
    zod: ^3.21.4
    zod-to-json-schema: ^3.20.4
  peerDependencies:
    "@aws-sdk/client-dynamodb": ^3.310.0
    "@aws-sdk/client-kendra": ^3.352.0
    "@aws-sdk/client-lambda": ^3.310.0
    "@aws-sdk/client-s3": ^3.310.0
    "@aws-sdk/client-sagemaker-runtime": ^3.310.0
    "@aws-sdk/client-sfn": ^3.310.0
    "@azure/storage-blob": ^12.15.0
    "@clickhouse/client": ^0.0.14
    "@elastic/elasticsearch": ^8.4.0
    "@getmetal/metal-sdk": "*"
    "@getzep/zep-js": ^0.4.1
    "@gomomento/sdk": ^1.23.0
    "@google-ai/generativelanguage": ^0.2.1
    "@google-cloud/storage": ^6.10.1
    "@huggingface/inference": ^1.5.1
    "@notionhq/client": ^2.2.5
    "@opensearch-project/opensearch": "*"
    "@pinecone-database/pinecone": "*"
    "@planetscale/database": ^1.8.0
    "@qdrant/js-client-rest": ^1.2.0
    "@supabase/postgrest-js": ^1.1.1
    "@supabase/supabase-js": ^2.10.0
    "@tensorflow-models/universal-sentence-encoder": "*"
    "@tensorflow/tfjs-converter": "*"
    "@tensorflow/tfjs-core": "*"
    "@tigrisdata/vector": ^1.1.0
    "@upstash/redis": ^1.20.6
    "@xata.io/client": ^0.25.1
    "@zilliz/milvus2-sdk-node": ">=2.2.7"
    apify-client: ^2.7.1
    axios: "*"
    cheerio: ^1.0.0-rc.12
    chromadb: ^1.5.3
    cohere-ai: ^5.0.2
    d3-dsv: ^2.0.0
    epub2: ^3.0.1
    faiss-node: ^0.2.1
    firebase-admin: ^11.9.0
    google-auth-library: ^8.9.0
    hnswlib-node: ^1.4.2
    html-to-text: ^9.0.5
    ignore: ^5.2.0
    ioredis: ^5.3.2
    mammoth: "*"
    mongodb: ^5.2.0
    mysql2: ^3.3.3
    notion-to-md: ^3.1.0
    pdf-parse: 1.1.1
    peggy: ^3.0.2
    pg: ^8.11.0
    pg-copy-streams: ^6.0.5
    pickleparser: ^0.1.0
    playwright: ^1.32.1
    puppeteer: ^19.7.2
    redis: ^4.6.4
    replicate: ^0.12.3
    sonix-speech-recognition: ^2.1.1
    srt-parser-2: ^1.2.2
    typeorm: ^0.3.12
    typesense: ^1.5.3
    vectordb: ^0.1.4
    weaviate-ts-client: ^1.0.0
  peerDependenciesMeta:
    "@aws-sdk/client-dynamodb":
      optional: true
    "@aws-sdk/client-kendra":
      optional: true
    "@aws-sdk/client-lambda":
      optional: true
    "@aws-sdk/client-s3":
      optional: true
    "@aws-sdk/client-sagemaker-runtime":
      optional: true
    "@aws-sdk/client-sfn":
      optional: true
    "@azure/storage-blob":
      optional: true
    "@clickhouse/client":
      optional: true
    "@elastic/elasticsearch":
      optional: true
    "@getmetal/metal-sdk":
      optional: true
    "@getzep/zep-js":
      optional: true
    "@gomomento/sdk":
      optional: true
    "@google-ai/generativelanguage":
      optional: true
    "@google-cloud/storage":
      optional: true
    "@huggingface/inference":
      optional: true
    "@notionhq/client":
      optional: true
    "@opensearch-project/opensearch":
      optional: true
    "@pinecone-database/pinecone":
      optional: true
    "@planetscale/database":
      optional: true
    "@qdrant/js-client-rest":
      optional: true
    "@supabase/postgrest-js":
      optional: true
    "@supabase/supabase-js":
      optional: true
    "@tensorflow-models/universal-sentence-encoder":
      optional: true
    "@tensorflow/tfjs-converter":
      optional: true
    "@tensorflow/tfjs-core":
      optional: true
    "@tigrisdata/vector":
      optional: true
    "@upstash/redis":
      optional: true
    "@xata.io/client":
      optional: true
    "@zilliz/milvus2-sdk-node":
      optional: true
    apify-client:
      optional: true
    axios:
      optional: true
    cheerio:
      optional: true
    chromadb:
      optional: true
    cohere-ai:
      optional: true
    d3-dsv:
      optional: true
    epub2:
      optional: true
    faiss-node:
      optional: true
    firebase-admin:
      optional: true
    google-auth-library:
      optional: true
    hnswlib-node:
      optional: true
    html-to-text:
      optional: true
    ignore:
      optional: true
    ioredis:
      optional: true
    mammoth:
      optional: true
    mongodb:
      optional: true
    mysql2:
      optional: true
    notion-to-md:
      optional: true
    pdf-parse:
      optional: true
    peggy:
      optional: true
    pg:
      optional: true
    pg-copy-streams:
      optional: true
    pickleparser:
      optional: true
    playwright:
      optional: true
    puppeteer:
      optional: true
    redis:
      optional: true
    replicate:
      optional: true
    sonix-speech-recognition:
      optional: true
    srt-parser-2:
      optional: true
    typeorm:
      optional: true
    typesense:
      optional: true
    vectordb:
      optional: true
    weaviate-ts-client:
      optional: true
  checksum: 94ba20280f1a1eb07cf6ac95618696ad31639ec4af7b57c905472854ac04da31023f2e82c2bfc84fe1a12fa80c0cde92f4d5da08d66ce411be0de032fd812bf4
  languageName: node
  linkType: hard

"langsmith@npm:~0.0.16":
  version: 0.0.19
  resolution: "langsmith@npm:0.0.19"
  dependencies:
    "@types/uuid": ^9.0.1
    commander: ^10.0.1
    p-queue: ^6.6.2
    p-retry: 4
    uuid: ^9.0.0
  bin:
    langsmith: dist/cli/main.cjs
  checksum: 73f6e75057c82435cb85f9968da52ab8dedbad0c8152a494197430158b3aaaccd5c0c101679e3bd24574cc0758dfddd4cc1721e458e1f37cd8167b902d3e20fa
  languageName: node
  linkType: hard

"long@npm:4.0.0":
  version: 4.0.0
  resolution: "long@npm:4.0.0"
  checksum: 16afbe8f749c7c849db1f4de4e2e6a31ac6e617cead3bdc4f9605cb703cd20e1e9fc1a7baba674ffcca57d660a6e5b53a9e236d7b25a295d3855cca79cc06744
  languageName: node
  linkType: hard

"md5@npm:^2.3.0":
  version: 2.3.0
  resolution: "md5@npm:2.3.0"
  dependencies:
    charenc: 0.0.2
    crypt: 0.0.2
    is-buffer: ~1.1.6
  checksum: a63cacf4018dc9dee08c36e6f924a64ced735b37826116c905717c41cebeb41a522f7a526ba6ad578f9c80f02cb365033ccd67fe186ffbcc1a1faeb75daa9b6e
  languageName: node
  linkType: hard

"mime-db@npm:1.52.0":
  version: 1.52.0
  resolution: "mime-db@npm:1.52.0"
  checksum: 0d99a03585f8b39d68182803b12ac601d9c01abfa28ec56204fa330bc9f3d1c5e14beb049bafadb3dbdf646dfb94b87e24d4ec7b31b7279ef906a8ea9b6a513f
  languageName: node
  linkType: hard

"mime-types@npm:^2.1.12":
  version: 2.1.35
  resolution: "mime-types@npm:2.1.35"
  dependencies:
    mime-db: 1.52.0
  checksum: 89a5b7f1def9f3af5dad6496c5ed50191ae4331cc5389d7c521c8ad28d5fdad2d06fd81baf38fed813dc4e46bb55c8145bb0ff406330818c9cf712fb2e9b3836
  languageName: node
  linkType: hard

"ml-array-mean@npm:^1.1.6":
  version: 1.1.6
  resolution: "ml-array-mean@npm:1.1.6"
  dependencies:
    ml-array-sum: ^1.1.6
  checksum: 81999dac8bad3bf2dafb23a9bc71883879b9d55889e48d00b91dd4a2568957a6f5373632ae57324760d1e1d7d29ad45ab4ea7ae32de67ce144d57a21e36dd9c2
  languageName: node
  linkType: hard

"ml-array-sum@npm:^1.1.6":
  version: 1.1.6
  resolution: "ml-array-sum@npm:1.1.6"
  dependencies:
    is-any-array: ^2.0.0
  checksum: 369dbb3681e3f8b0d0facba9fcfc981656dac49a80924859c3ed8f0a5880fb6db2d6e534f8b7b9c3cda59248152e61b27d6419d19c69539de7c3aa6aea3094eb
  languageName: node
  linkType: hard

"ml-distance-euclidean@npm:^2.0.0":
  version: 2.0.0
  resolution: "ml-distance-euclidean@npm:2.0.0"
  checksum: e31f98a947ce6971c35d74e6d2521800f0d219efb34c78b20b5f52debd206008d52e677685c09839e6bab5d2ed233aa009314236e4e548d5fafb60f2f71e2b3e
  languageName: node
  linkType: hard

"ml-distance@npm:^4.0.0":
  version: 4.0.1
  resolution: "ml-distance@npm:4.0.1"
  dependencies:
    ml-array-mean: ^1.1.6
    ml-distance-euclidean: ^2.0.0
    ml-tree-similarity: ^1.0.0
  checksum: 21ea014064eb7795c6c8c16e76bb834cba73f9f1ee2f761a3c3c34536f70bd6299b044dd05c495c533f5bdfea7401011dd4bdd159545ef69f5a021f5be4c77a2
  languageName: node
  linkType: hard

"ml-tree-similarity@npm:^1.0.0":
  version: 1.0.0
  resolution: "ml-tree-similarity@npm:1.0.0"
  dependencies:
    binary-search: ^1.3.5
    num-sort: ^2.0.0
  checksum: f99e217dc94acf75c089469dc3c278f388146e43c82212160b6b75daa14309902f84eb0a00c67d502fc79dc171cf15a33d392326e024b2e89881adc585d15513
  languageName: node
  linkType: hard

"ms@npm:^2.0.0":
  version: 2.1.3
  resolution: "ms@npm:2.1.3"
  checksum: aa92de608021b242401676e35cfa5aa42dd70cbdc082b916da7fb925c542173e36bce97ea3e804923fe92c0ad991434e4a38327e15a1b5b5f945d66df615ae6d
  languageName: node
  linkType: hard

"node-domexception@npm:1.0.0":
  version: 1.0.0
  resolution: "node-domexception@npm:1.0.0"
  checksum: ee1d37dd2a4eb26a8a92cd6b64dfc29caec72bff5e1ed9aba80c294f57a31ba4895a60fd48347cf17dd6e766da0ae87d75657dfd1f384ebfa60462c2283f5c7f
  languageName: node
  linkType: hard

"node-fetch@npm:^2.6.7, node-fetch@npm:~2.6.1":
  version: 2.6.12
  resolution: "node-fetch@npm:2.6.12"
  dependencies:
    whatwg-url: ^5.0.0
  peerDependencies:
    encoding: ^0.1.0
  peerDependenciesMeta:
    encoding:
      optional: true
  checksum: 3bc1655203d47ee8e313c0d96664b9673a3d4dd8002740318e9d27d14ef306693a4b2ef8d6525775056fd912a19e23f3ac0d7111ad8925877b7567b29a625592
  languageName: node
  linkType: hard

"num-sort@npm:^2.0.0":
  version: 2.1.0
  resolution: "num-sort@npm:2.1.0"
  checksum: 5a80cd0456c8847f71fb80ad3c3596714cebede76de585aa4fed2b9a4fb0907631edca1f7bb31c24dbb9928b66db3d03059994cc365d2ae011b80ddddac28f6e
  languageName: node
  linkType: hard

"object-hash@npm:^3.0.0":
  version: 3.0.0
  resolution: "object-hash@npm:3.0.0"
  checksum: 80b4904bb3857c52cc1bfd0b52c0352532ca12ed3b8a6ff06a90cd209dfda1b95cee059a7625eb9da29537027f68ac4619363491eedb2f5d3dddbba97494fd6c
  languageName: node
  linkType: hard

"omni-extension-document_processing_actual@workspace:.":
  version: 0.0.0-use.local
  resolution: "omni-extension-document_processing_actual@workspace:."
  dependencies:
    "@dqbd/tiktoken": ^1.0.7
    "@tensorflow-models/universal-sentence-encoder": ^1.3.3
    "@tensorflow/tfjs-backend-cpu": ^4.10.0
    "@tensorflow/tfjs-converter": ^4.10.0
    "@tensorflow/tfjs-core": ^4.10.0
    gpt-3-encoder: ^1.1.4
    langchain: ^0.0.123
    pdf2json: ^3.0.4
  languageName: unknown
  linkType: soft

"openai@npm:^3.3.0":
  version: 3.3.0
  resolution: "openai@npm:3.3.0"
  dependencies:
    axios: ^0.26.0
    form-data: ^4.0.0
  checksum: 28ccff8c09b6f47828c9583bb3bafc38a8459c76ea10eb9e08ca880f65523c5a9cc6c5f3c7669dded6f4c93e7cf49dd5c4dbfd12732a0f958c923117740d677b
  languageName: node
  linkType: hard

"openapi-types@npm:^12.1.3":
  version: 12.1.3
  resolution: "openapi-types@npm:12.1.3"
  checksum: 7fa5547f87a58d2aa0eba6e91d396f42d7d31bc3ae140e61b5d60b47d2fd068b48776f42407d5a8da7280cf31195aa128c2fc285e8bb871d1105edee5647a0bb
  languageName: node
  linkType: hard

"p-finally@npm:^1.0.0":
  version: 1.0.0
  resolution: "p-finally@npm:1.0.0"
  checksum: 93a654c53dc805dd5b5891bab16eb0ea46db8f66c4bfd99336ae929323b1af2b70a8b0654f8f1eae924b2b73d037031366d645f1fd18b3d30cbd15950cc4b1d4
  languageName: node
  linkType: hard

"p-queue@npm:^6.6.2":
  version: 6.6.2
  resolution: "p-queue@npm:6.6.2"
  dependencies:
    eventemitter3: ^4.0.4
    p-timeout: ^3.2.0
  checksum: 832642fcc4ab6477b43e6d7c30209ab10952969ed211c6d6f2931be8a4f9935e3578c72e8cce053dc34f2eb6941a408a2c516a54904e989851a1a209cf19761c
  languageName: node
  linkType: hard

"p-retry@npm:4":
  version: 4.6.2
  resolution: "p-retry@npm:4.6.2"
  dependencies:
    "@types/retry": 0.12.0
    retry: ^0.13.1
  checksum: 45c270bfddaffb4a895cea16cb760dcc72bdecb6cb45fef1971fa6ea2e91ddeafddefe01e444ac73e33b1b3d5d29fb0dd18a7effb294262437221ddc03ce0f2e
  languageName: node
  linkType: hard

"p-timeout@npm:^3.2.0":
  version: 3.2.0
  resolution: "p-timeout@npm:3.2.0"
  dependencies:
    p-finally: ^1.0.0
  checksum: 3dd0eaa048780a6f23e5855df3dd45c7beacff1f820476c1d0d1bcd6648e3298752ba2c877aa1c92f6453c7dd23faaf13d9f5149fc14c0598a142e2c5e8d649c
  languageName: node
  linkType: hard

"pdf2json@npm:^3.0.4":
  version: 3.0.4
  resolution: "pdf2json@npm:3.0.4"
  dependencies:
    "@xmldom/xmldom": ^0.8.6
  bin:
    pdf2json: bin/pdf2json.js
  checksum: 230de2889e915819000515f389e8907631e13c120f0bd37f05a33278f5865fd8b1a5d9fe03cc862a4dca181afb1bf3665fb8caca5534b030af49d209fd2f321b
  languageName: node
  linkType: hard

"retry@npm:^0.13.1":
  version: 0.13.1
  resolution: "retry@npm:0.13.1"
  checksum: 47c4d5be674f7c13eee4cfe927345023972197dbbdfba5d3af7e461d13b44de1bfd663bfc80d2f601f8ef3fc8164c16dd99655a221921954a65d044a2fc1233b
  languageName: node
  linkType: hard

"seedrandom@npm:^3.0.5":
  version: 3.0.5
  resolution: "seedrandom@npm:3.0.5"
  checksum: 728b56bc3bc1b9ddeabd381e449b51cb31bdc0aa86e27fcd0190cea8c44613d5bcb2f6bb63ed79f78180cbe791c20b8ec31a9627f7b7fc7f476fd2bdb7e2da9f
  languageName: node
  linkType: hard

"tr46@npm:~0.0.3":
  version: 0.0.3
  resolution: "tr46@npm:0.0.3"
  checksum: 726321c5eaf41b5002e17ffbd1fb7245999a073e8979085dacd47c4b4e8068ff5777142fc6726d6ca1fd2ff16921b48788b87225cbc57c72636f6efa8efbffe3
  languageName: node
  linkType: hard

"uuid@npm:^9.0.0":
  version: 9.0.0
  resolution: "uuid@npm:9.0.0"
  bin:
    uuid: dist/bin/uuid
  checksum: 8dd2c83c43ddc7e1c71e36b60aea40030a6505139af6bee0f382ebcd1a56f6cd3028f7f06ffb07f8cf6ced320b76aea275284b224b002b289f89fe89c389b028
  languageName: node
  linkType: hard

"web-streams-polyfill@npm:4.0.0-beta.3":
  version: 4.0.0-beta.3
  resolution: "web-streams-polyfill@npm:4.0.0-beta.3"
  checksum: dfec1fbf52b9140e4183a941e380487b6c3d5d3838dd1259be81506c1c9f2abfcf5aeb670aeeecfd9dff4271a6d8fef931b193c7bedfb42542a3b05ff36c0d16
  languageName: node
  linkType: hard

"webidl-conversions@npm:^3.0.0":
  version: 3.0.1
  resolution: "webidl-conversions@npm:3.0.1"
  checksum: c92a0a6ab95314bde9c32e1d0a6dfac83b578f8fa5f21e675bc2706ed6981bc26b7eb7e6a1fab158e5ce4adf9caa4a0aee49a52505d4d13c7be545f15021b17c
  languageName: node
  linkType: hard

"whatwg-url@npm:^5.0.0":
  version: 5.0.0
  resolution: "whatwg-url@npm:5.0.0"
  dependencies:
    tr46: ~0.0.3
    webidl-conversions: ^3.0.0
  checksum: b8daed4ad3356cc4899048a15b2c143a9aed0dfae1f611ebd55073310c7b910f522ad75d727346ad64203d7e6c79ef25eafd465f4d12775ca44b90fa82ed9e2c
  languageName: node
  linkType: hard

"yaml@npm:^2.2.1":
  version: 2.3.1
  resolution: "yaml@npm:2.3.1"
  checksum: 2c7bc9a7cd4c9f40d3b0b0a98e370781b68b8b7c4515720869aced2b00d92f5da1762b4ffa947f9e795d6cd6b19f410bd4d15fdd38aca7bd96df59bd9486fb54
  languageName: node
  linkType: hard

"zod-to-json-schema@npm:^3.20.4":
  version: 3.21.4
  resolution: "zod-to-json-schema@npm:3.21.4"
  peerDependencies:
    zod: ^3.21.4
  checksum: 899c1f461fb6547c0b08a265c82040c250be9b88d3f408f2f3ff77a418fdfad7549077e589d418fccb312c1f6d555c3c7217b199cc9072762e1fab20716dd2a6
  languageName: node
  linkType: hard

"zod@npm:^3.21.4":
  version: 3.21.4
  resolution: "zod@npm:3.21.4"
  checksum: f185ba87342ff16f7a06686767c2b2a7af41110c7edf7c1974095d8db7a73792696bcb4a00853de0d2edeb34a5b2ea6a55871bc864227dace682a0a28de33e1f
  languageName: node
  linkType: hard
